
Microsoft Visual Studio Solution File, Format Version 12.00
# Visual Studio Version 17
VisualStudioVersion = 17.0.32112.339
MinimumVisualStudioVersion = 10.0.40219.1
Project("{FAE04EC0-301F-11D3-BF4B-00C04F79EFBC}") = "TriangulosAcademiadoProgramador.ConsoleApp", "TriangulosAcademiadoProgramador.ConsoleApp\TriangulosAcademiadoProgramador.ConsoleApp.csproj", "{14E3D398-3B96-4EFB-9ADB-583153E06DC8}"
EndProject
Global
	GlobalSection(SolutionConfigurationPlatforms) = preSolution
		Debug|Any CPU = Debug|Any CPU
		Release|Any CPU = Release|Any CPU
	EndGlobalSection
	GlobalSection(ProjectConfigurationPlatforms) = postSolution
		{14E3D398-3B96-4EFB-9ADB-583153E06DC8}.Debug|Any CPU.ActiveCfg = Debug|Any CPU
		{14E3D398-3B96-4EFB-9ADB-583153E06DC8}.Debug|Any CPU.Build.0 = Debug|Any CPU
		{14E3D398-3B96-4EFB-9ADB-583153E06DC8}.Release|Any CPU.ActiveCfg = Release|Any CPU
		{14E3D398-3B96-4EFB-9ADB-583153E06DC8}.Release|Any CPU.Build.0 = Release|Any CPU
	EndGlobalSection
	GlobalSection(SolutionProperties) = preSolution
		HideSolutionNode = FALSE
	EndGlobalSection
	GlobalSection(ExtensibilityGlobals) = postSolution
		SolutionGuid = {5B2A9EA7-979D-4F86-97C1-7231832025DC}
	EndGlobalSection
EndGlobal
